// !$*UTF8*$!
{
	archiveVersion = 1;
	classes = {
	};
	objectVersion = 46;
	objects = {

/* Begin PBXBuildFile section */
		8EF960081D7389E500866310 /* main.m in Sources */ = {isa = PBXBuildFile; fileRef = 8EF960071D7389E500866310 /* main.m */; };
		8EF9600B1D7389E500866310 /* AppDelegate.m in Sources */ = {isa = PBXBuildFile; fileRef = 8EF9600A1D7389E500866310 /* AppDelegate.m */; };
		8EF9600E1D7389E500866310 /* Home.m in Sources */ = {isa = PBXBuildFile; fileRef = 8EF9600D1D7389E500866310 /* Home.m */; };
		8EF960111D7389E500866310 /* Main.storyboard in Resources */ = {isa = PBXBuildFile; fileRef = 8EF9600F1D7389E500866310 /* Main.storyboard */; };
		8EF960141D7389E500866310 /* ExamenIOS.xcdatamodeld in Sources */ = {isa = PBXBuildFile; fileRef = 8EF960121D7389E500866310 /* ExamenIOS.xcdatamodeld */; };
		8EF960161D7389E500866310 /* Assets.xcassets in Resources */ = {isa = PBXBuildFile; fileRef = 8EF960151D7389E500866310 /* Assets.xcassets */; };
		8EF960191D7389E500866310 /* LaunchScreen.storyboard in Resources */ = {isa = PBXBuildFile; fileRef = 8EF960171D7389E500866310 /* LaunchScreen.storyboard */; };
/* End PBXBuildFile section */

/* Begin PBXFileReference section */
		8EF960031D7389E500866310 /* ExamenIOS.app */ = {isa = PBXFileReference; explicitFileType = wrapper.application; includeInIndex = 0; path = ExamenIOS.app; sourceTree = BUILT_PRODUCTS_DIR; };
		8EF960071D7389E500866310 /* main.m */ = {isa = PBXFileReference; lastKnownFileType = sourcecode.c.objc; path = main.m; sourceTree = "<group>"; };
		8EF960091D7389E500866310 /* AppDelegate.h */ = {isa = PBXFileReference; lastKnownFileType = sourcecode.c.h; path = AppDelegate.h; sourceTree = "<group>"; };
		8EF9600A1D7389E500866310 /* AppDelegate.m */ = {isa = PBXFileReference; lastKnownFileType = sourcecode.c.objc; path = AppDelegate.m; sourceTree = "<group>"; };
		8EF9600C1D7389E500866310 /* Home.h */ = {isa = PBXFileReference; lastKnownFileType = sourcecode.c.h; path = Home.h; sourceTree = "<group>"; };
		8EF9600D1D7389E500866310 /* Home.m */ = {isa = PBXFileReference; lastKnownFileType = sourcecode.c.objc; path = Home.m; sourceTree = "<group>"; };
		8EF960101D7389E500866310 /* Base */ = {isa = PBXFileReference; lastKnownFileType = file.storyboard; name = Base; path = Base.lproj/Main.storyboard; sourceTree = "<group>"; };
		8EF960131D7389E500866310 /* ExamenIOS.xcdatamodel */ = {isa = PBXFileReference; lastKnownFileType = wrapper.xcdatamodel; path = ExamenIOS.xcdatamodel; sourceTree = "<group>"; };
		8EF960151D7389E500866310 /* Assets.xcassets */ = {isa = PBXFileReference; lastKnownFileType = folder.assetcatalog; path = Assets.xcassets; sourceTree = "<group>"; };
		8EF960181D7389E500866310 /* Base */ = {isa = PBXFileReference; lastKnownFileType = file.storyboard; name = Base; path = Base.lproj/LaunchScreen.storyboard; sourceTree = "<group>"; };
		8EF9601A1D7389E500866310 /* Info.plist */ = {isa = PBXFileReference; lastKnownFileType = text.plist.xml; path = Info.plist; sourceTree = "<group>"; };
/* End PBXFileReference section */

/* Begin PBXFrameworksBuildPhase section */
		8EF960001D7389E500866310 /* Frameworks */ = {
			isa = PBXFrameworksBuildPhase;
			buildActionMask = 2147483647;
			files = (
			);
			runOnlyForDeploymentPostprocessing = 0;
		};
/* End PBXFrameworksBuildPhase section */

/* Begin PBXGroup section */
		8EF95FFA1D7389E500866310 = {
			isa = PBXGroup;
			children = (
				8EF960051D7389E500866310 /* ExamenIOS */,
				8EF960041D7389E500866310 /* Products */,
			);
			sourceTree = "<group>";
		};
		8EF960041D7389E500866310 /* Products */ = {
			isa = PBXGroup;
			children = (
				8EF960031D7389E500866310 /* ExamenIOS.app */,
			);
			name = Products;
			sourceTree = "<group>";
		};
		8EF960051D7389E500866310 /* ExamenIOS */ = {
			isa = PBXGroup;
			children = (
				8EF960221D73999800866310 /* Images */,
				8EF960201D738BB200866310 /* Main */,
				8EF960211D738BC200866310 /* Controllers */,
				8EF9600F1D7389E500866310 /* Main.storyboard */,
				8EF960151D7389E500866310 /* Assets.xcassets */,
				8EF960171D7389E500866310 /* LaunchScreen.storyboard */,
				8EF9601A1D7389E500866310 /* Info.plist */,
				8EF960121D7389E500866310 /* ExamenIOS.xcdatamodeld */,
				8EF960061D7389E500866310 /* Supporting Files */,
			);
			path = ExamenIOS;
			sourceTree = "<group>";
		};
		8EF960061D7389E500866310 /* Supporting Files */ = {
			isa = PBXGroup;
			children = (
				8EF960071D7389E500866310 /* main.m */,
			);
			name = "Supporting Files";
			sourceTree = "<group>";
		};
		8EF960201D738BB200866310 /* Main */ = {
			isa = PBXGroup;
			children = (
				8EF960091D7389E500866310 /* AppDelegate.h */,
				8EF9600A1D7389E500866310 /* AppDelegate.m */,
			);
			name = Main;
			sourceTree = "<group>";
		};
		8EF960211D738BC200866310 /* Controllers */ = {
			isa = PBXGroup;
			children = (
				8EF9600C1D7389E500866310 /* Home.h */,
				8EF9600D1D7389E500866310 /* Home.m */,
			);
			name = Controllers;
			sourceTree = "<group>";
		};
		8EF960221D73999800866310 /* Images */ = {
			isa = PBXGroup;
			children = (
			);
			name = Images;
			sourceTree = "<group>";
		};
/* End PBXGroup section */

/* Begin PBXNativeTarget section */
		8EF960021D7389E500866310 /* ExamenIOS */ = {
			isa = PBXNativeTarget;
			buildConfigurationList = 8EF9601D1D7389E500866310 /* Build configuration list for PBXNativeTarget "ExamenIOS" */;
			buildPhases = (
				8EF95FFF1D7389E500866310 /* Sources */,
				8EF960001D7389E500866310 /* Frameworks */,
				8EF960011D7389E500866310 /* Resources */,
			);
			buildRules = (
			);
			dependencies = (
			);
			name = ExamenIOS;
			productName = ExamenIOS;
			productReference = 8EF960031D7389E500866310 /* ExamenIOS.app */;
			productType = "com.apple.product-type.application";
		};
/* End PBXNativeTarget section */

/* Begin PBXProject section */
		8EF95FFB1D7389E500866310 /* Project object */ = {
			isa = PBXProject;
			attributes = {
				LastUpgradeCheck = 0730;
				ORGANIZATIONNAME = Philbert;
				TargetAttributes = {
					8EF960021D7389E500866310 = {
						CreatedOnToolsVersion = 7.3.1;
						DevelopmentTeam = QXF33N93KH;
					};
				};
			};
			buildConfigurationList = 8EF95FFE1D7389E500866310 /* Build configuration list for PBXProject "ExamenIOS" */;
			compatibilityVersion = "Xcode 3.2";
			developmentRegion = English;
			hasScannedForEncodings = 0;
			knownRegions = (
				en,
				Base,
			);
			mainGroup = 8EF95FFA1D7389E500866310;
			productRefGroup = 8EF960041D7389E500866310 /* Products */;
			projectDirPath = "";
			projectRoot = "";
			targets = (
				8EF960021D7389E500866310 /* ExamenIOS */,
			);
		};
/* End PBXProject section */

/* Begin PBXResourcesBuildPhase section */
		8EF960011D7389E500866310 /* Resources */ = {
			isa = PBXResourcesBuildPhase;
			buildActionMask = 2147483647;
			files = (
				8EF960191D7389E500866310 /* LaunchScreen.storyboard in Resources */,
				8EF960161D7389E500866310 /* Assets.xcassets in Resources */,
				8EF960111D7389E500866310 /* Main.storyboard in Resources */,
			);
			runOnlyForDeploymentPostprocessing = 0;
		};
/* End PBXResourcesBuildPhase section */

/* Begin PBXSourcesBuildPhase section */
		8EF95FFF1D7389E500866310 /* Sources */ = {
			isa = PBXSourcesBuildPhase;
			buildActionMask = 2147483647;
			files = (
				8EF9600E1D7389E500866310 /* Home.m in Sources */,
				8EF9600B1D7389E500866310 /* AppDelegate.m in Sources */,
				8EF960081D7389E500866310 /* main.m in Sources */,
				8EF960141D7389E500866310 /* ExamenIOS.xcdatamodeld in Sources */,
			);
			runOnlyForDeploymentPostprocessing = 0;
		};
/* End PBXSourcesBuildPhase section */

/* Begin PBXVariantGroup section */
		8EF9600F1D7389E500866310 /* Main.storyboard */ = {
			isa = PBXVariantGroup;
			children = (
				8EF960101D7389E500866310 /* Base */,
			);
			name = Main.storyboard;
			sourceTree = "<group>";
		};
		8EF960171D7389E500866310 /* LaunchScreen.storyboard */ = {
			isa = PBXVariantGroup;
			children = (
				8EF960181D7389E500866310 /* Base */,
			);
			name = LaunchScreen.storyboard;
			sourceTree = "<group>";
		};
/* End PBXVariantGroup section */

/* Begin XCBuildConfiguration section */
		8EF9601B1D7389E500866310 /* Debug */ = {
			isa = XCBuildConfiguration;
			buildSettings = {
				ALWAYS_SEARCH_USER_PATHS = NO;
				CLANG_ANALYZER_NONNULL = YES;
				CLANG_CXX_LANGUAGE_STANDARD = "gnu++0x";
				CLANG_CXX_LIBRARY = "libc++";
				CLANG_ENABLE_MODULES = YES;
				CLANG_ENABLE_OBJC_ARC = YES;
				CLANG_WARN_BOOL_CONVERSION = YES;
				CLANG_WARN_CONSTANT_CONVERSION = YES;
				CLANG_WARN_DIRECT_OBJC_ISA_USAGE = YES_ERROR;
				CLANG_WARN_EMPTY_BODY = YES;
				CLANG_WARN_ENUM_CONVERSION = YES;
				CLANG_WARN_INT_CONVERSION = YES;
				CLANG_WARN_OBJC_ROOT_CLASS = YES_ERROR;
				CLANG_WARN_UNREACHABLE_CODE = YES;
				CLANG_WARN__DUPLICATE_METHOD_MATCH = YES;
				"CODE_SIGN_IDENTITY[sdk=iphoneos*]" = "iPhone Developer";
				COPY_PHASE_STRIP = NO;
				DEBUG_INFORMATION_FORMAT = dwarf;
				ENABLE_STRICT_OBJC_MSGSEND = YES;
				ENABLE_TESTABILITY = YES;
				GCC_C_LANGUAGE_STANDARD = gnu99;
				GCC_DYNAMIC_NO_PIC = NO;
				GCC_NO_COMMON_BLOCKS = YES;
				GCC_OPTIMIZATION_LEVEL = 0;
				GCC_PREPROCESSOR_DEFINITIONS = (
					"DEBUG=1",
					"$(inherited)",
				);
				GCC_WARN_64_TO_32_BIT_CONVERSION = YES;
				GCC_WARN_ABOUT_RETURN_TYPE = YES_ERROR;
				GCC_WARN_UNDECLARED_SELECTOR = YES;
				GCC_WARN_UNINITIALIZED_AUTOS = YES_AGGRESSIVE;
				GCC_WARN_UNUSED_FUNCTION = YES;
				GCC_WARN_UNUSED_VARIABLE = YES;
				IPHONEOS_DEPLOYMENT_TARGET = 9.3;
				MTL_ENABLE_DEBUG_INFO = YES;
				ONLY_ACTIVE_ARCH = YES;
				SDKROOT = iphoneos;
			};
			name = Debug;
		};
		8EF9601C1D7389E500866310 /* Release */ = {
			isa = XCBuildConfiguration;
			buildSettings = {
				ALWAYS_SEARCH_USER_PATHS = NO;
				CLANG_ANALYZER_NONNULL = YES;
				CLANG_CXX_LANGUAGE_STANDARD = "gnu++0x";
				CLANG_CXX_LIBRARY = "libc++";
				CLANG_ENABLE_MODULES = YES;
				CLANG_ENABLE_OBJC_ARC = YES;
				CLANG_WARN_BOOL_CONVERSION = YES;
				CLANG_WARN_CONSTANT_CONVERSION = YES;
				CLANG_WARN_DIRECT_OBJC_ISA_USAGE = YES_ERROR;
				CLANG_WARN_EMPTY_BODY = YES;
				CLANG_WARN_ENUM_CONVERSION = YES;
				CLANG_WARN_INT_CONVERSION = YES;
				CLANG_WARN_OBJC_ROOT_CLASS = YES_ERROR;
				CLANG_WARN_UNREACHABLE_CODE = YES;
				CLANG_WARN__DUPLICATE_METHOD_MATCH = YES;
				"CODE_SIGN_IDENTITY[sdk=iphoneos*]" = "iPhone Developer";
				COPY_PHASE_STRIP = NO;
				DEBUG_INFORMATION_FORMAT = "dwarf-with-dsym";
				ENABLE_NS_ASSERTIONS = NO;
				ENABLE_STRICT_OBJC_MSGSEND = YES;
				GCC_C_LANGUAGE_STANDARD = gnu99;
				GCC_NO_COMMON_BLOCKS = YES;
				GCC_WARN_64_TO_32_BIT_CONVERSION = YES;
				GCC_WARN_ABOUT_RETURN_TYPE = YES_ERROR;
				GCC_WARN_UNDECLARED_SELECTOR = YES;
				GCC_WARN_UNINITIALIZED_AUTOS = YES_AGGRESSIVE;
				GCC_WARN_UNUSED_FUNCTION = YES;
				GCC_WARN_UNUSED_VARIABLE = YES;
				IPHONEOS_DEPLOYMENT_TARGET = 9.3;
				MTL_ENABLE_DEBUG_INFO = NO;
				SDKROOT = iphoneos;
				VALIDATE_PRODUCT = YES;
			};
			name = Release;
		};
		8EF9601E1D7389E500866310 /* Debug */ = {
			isa = XCBuildConfiguration;
			buildSettings = {
				ASSETCATALOG_COMPILER_APPICON_NAME = AppIcon;
				CODE_SIGN_IDENTITY = "iPhone Developer";
				INFOPLIST_FILE = ExamenIOS/Info.plist;
				IPHONEOS_DEPLOYMENT_TARGET = 8.1;
				LD_RUNPATH_SEARCH_PATHS = "$(inherited) @executable_path/Frameworks";
				PRODUCT_BUNDLE_IDENTIFIER = com.Philbert.ExamenIOS;
				PRODUCT_NAME = "$(TARGET_NAME)";
			};
			name = Debug;
		};
		8EF9601F1D7389E500866310 /* Release */ = {
			isa = XCBuildConfiguration;
			buildSettings = {
				ASSETCATALOG_COMPILER_APPICON_NAME = AppIcon;
				CODE_SIGN_IDENTITY = "iPhone Developer";
				INFOPLIST_FILE = ExamenIOS/Info.plist;
				IPHONEOS_DEPLOYMENT_TARGET = 8.1;
				LD_RUNPATH_SEARCH_PATHS = "$(inherited) @executable_path/Frameworks";
				PRODUCT_BUNDLE_IDENTIFIER = com.Philbert.ExamenIOS;
				PRODUCT_NAME = "$(TARGET_NAME)";
			};
			name = Release;
		};
/* End XCBuildConfiguration section */

/* Begin XCConfigurationList section */
		8EF95FFE1D7389E500866310 /* Build configuration list for PBXProject "ExamenIOS" */ = {
			isa = XCConfigurationList;
			buildConfigurations = (
				8EF9601B1D7389E500866310 /* Debug */,
				8EF9601C1D7389E500866310 /* Release */,
			);
			defaultConfigurationIsVisible = 0;
			defaultConfigurationName = Release;
		};
		8EF9601D1D7389E500866310 /* Build configuration list for PBXNativeTarget "ExamenIOS" */ = {
			isa = XCConfigurationList;
			buildConfigurations = (
				8EF9601E1D7389E500866310 /* Debug */,
				8EF9601F1D7389E500866310 /* Release */,
			);
			defaultConfigurationIsVisible = 0;
		};
/* End XCConfigurationList section */

/* Begin XCVersionGroup section */
		8EF960121D7389E500866310 /* ExamenIOS.xcdatamodeld */ = {
			isa = XCVersionGroup;
			children = (
				8EF960131D7389E500866310 /* ExamenIOS.xcdatamodel */,
			);
			currentVersion = 8EF960131D7389E500866310 /* ExamenIOS.xcdatamodel */;
			path = ExamenIOS.xcdatamodeld;
			sourceTree = "<group>";
			versionGroupType = wrapper.xcdatamodel;
		};
/* End XCVersionGroup section */
	};
	rootObject = 8EF95FFB1D7389E500866310 /* Project object */;
}
