// !$*UTF8*$!
{
	archiveVersion = 1;
	classes = {
	};
	objectVersion = 46;
	objects = {

/* Begin PBXBuildFile section */
		8E6402F91D75136C0095AF28 /* PaypalPayment.m in Sources */ = {isa = PBXBuildFile; fileRef = 8E6402F81D75136C0095AF28 /* PaypalPayment.m */; };
		8E6403031D75262B0095AF28 /* libPayPalMobile.a in Frameworks */ = {isa = PBXBuildFile; fileRef = 8E6402FB1D75262B0095AF28 /* libPayPalMobile.a */; };
		8E6403101D7526490095AF28 /* libCardIO.a in Frameworks */ = {isa = PBXBuildFile; fileRef = 8E64030D1D7526490095AF28 /* libCardIO.a */; };
		8E6403111D7526490095AF28 /* libopencv_core.a in Frameworks */ = {isa = PBXBuildFile; fileRef = 8E64030E1D7526490095AF28 /* libopencv_core.a */; };
		8E6403121D7526490095AF28 /* libopencv_imgproc.a in Frameworks */ = {isa = PBXBuildFile; fileRef = 8E64030F1D7526490095AF28 /* libopencv_imgproc.a */; };
		8E6403141D7527340095AF28 /* Accelerate.framework in Frameworks */ = {isa = PBXBuildFile; fileRef = 8E6403131D7527340095AF28 /* Accelerate.framework */; };
		8E6403161D7527410095AF28 /* AudioToolbox.framework in Frameworks */ = {isa = PBXBuildFile; fileRef = 8E6403151D7527410095AF28 /* AudioToolbox.framework */; };
		8E6403181D75274E0095AF28 /* AVFoundation.framework in Frameworks */ = {isa = PBXBuildFile; fileRef = 8E6403171D75274E0095AF28 /* AVFoundation.framework */; };
		8E64031A1D75275B0095AF28 /* CoreLocation.framework in Frameworks */ = {isa = PBXBuildFile; fileRef = 8E6403191D75275B0095AF28 /* CoreLocation.framework */; };
		8E64031C1D75276A0095AF28 /* CoreMedia.framework in Frameworks */ = {isa = PBXBuildFile; fileRef = 8E64031B1D75276A0095AF28 /* CoreMedia.framework */; };
		8E64031E1D7527760095AF28 /* MessageUI.framework in Frameworks */ = {isa = PBXBuildFile; fileRef = 8E64031D1D7527760095AF28 /* MessageUI.framework */; };
		8E6403201D7527820095AF28 /* MobileCoreServices.framework in Frameworks */ = {isa = PBXBuildFile; fileRef = 8E64031F1D7527820095AF28 /* MobileCoreServices.framework */; };
		8E6403221D75278F0095AF28 /* SystemConfiguration.framework in Frameworks */ = {isa = PBXBuildFile; fileRef = 8E6403211D75278F0095AF28 /* SystemConfiguration.framework */; };
		8E6403241D75279A0095AF28 /* SafariServices.framework in Frameworks */ = {isa = PBXBuildFile; fileRef = 8E6403231D75279A0095AF28 /* SafariServices.framework */; };
		8EB203C81D765E07009CCEA0 /* NSDictionary+ObjectMapper.m in Sources */ = {isa = PBXBuildFile; fileRef = 8EB203B11D765E07009CCEA0 /* NSDictionary+ObjectMapper.m */; };
		8EB203C91D765E07009CCEA0 /* NSObject+ObjectMapper.m in Sources */ = {isa = PBXBuildFile; fileRef = 8EB203B31D765E07009CCEA0 /* NSObject+ObjectMapper.m */; };
		8EB203CA1D765E07009CCEA0 /* ManagedObjectInstanceProvider.m in Sources */ = {isa = PBXBuildFile; fileRef = 8EB203B71D765E07009CCEA0 /* ManagedObjectInstanceProvider.m */; };
		8EB203CB1D765E07009CCEA0 /* ObjectInstanceProvider.m in Sources */ = {isa = PBXBuildFile; fileRef = 8EB203B91D765E07009CCEA0 /* ObjectInstanceProvider.m */; };
		8EB203CC1D765E07009CCEA0 /* CommonLoggingProvider.m in Sources */ = {isa = PBXBuildFile; fileRef = 8EB203BC1D765E07009CCEA0 /* CommonLoggingProvider.m */; };
		8EB203CD1D765E07009CCEA0 /* InCodeMappingProvider.m in Sources */ = {isa = PBXBuildFile; fileRef = 8EB203C11D765E07009CCEA0 /* InCodeMappingProvider.m */; };
		8EB203CE1D765E07009CCEA0 /* ObjectMapper.m in Sources */ = {isa = PBXBuildFile; fileRef = 8EB203C41D765E07009CCEA0 /* ObjectMapper.m */; };
		8EB203CF1D765E07009CCEA0 /* ObjectMappingInfo.m in Sources */ = {isa = PBXBuildFile; fileRef = 8EB203C61D765E07009CCEA0 /* ObjectMappingInfo.m */; };
		8EB203D21D766017009CCEA0 /* Declarations.m in Sources */ = {isa = PBXBuildFile; fileRef = 8EB203D11D766017009CCEA0 /* Declarations.m */; };
		8EB203D51D76602E009CCEA0 /* WebServices.m in Sources */ = {isa = PBXBuildFile; fileRef = 8EB203D41D76602E009CCEA0 /* WebServices.m */; };
		8EB203D81D766042009CCEA0 /* Parser.m in Sources */ = {isa = PBXBuildFile; fileRef = 8EB203D71D766042009CCEA0 /* Parser.m */; };
		8EB203DB1D76606A009CCEA0 /* OCMapperConfig.m in Sources */ = {isa = PBXBuildFile; fileRef = 8EB203DA1D76606A009CCEA0 /* OCMapperConfig.m */; };
		8EB203F61D766456009CCEA0 /* NSObject+SBJson.m in Sources */ = {isa = PBXBuildFile; fileRef = 8EB203DE1D766456009CCEA0 /* NSObject+SBJson.m */; };
		8EB203F71D766456009CCEA0 /* SBJsonParser.m in Sources */ = {isa = PBXBuildFile; fileRef = 8EB203E11D766456009CCEA0 /* SBJsonParser.m */; };
		8EB203F81D766456009CCEA0 /* SBJsonStreamParser.m in Sources */ = {isa = PBXBuildFile; fileRef = 8EB203E31D766456009CCEA0 /* SBJsonStreamParser.m */; };
		8EB203F91D766456009CCEA0 /* SBJsonStreamParserAccumulator.m in Sources */ = {isa = PBXBuildFile; fileRef = 8EB203E51D766456009CCEA0 /* SBJsonStreamParserAccumulator.m */; };
		8EB203FA1D766456009CCEA0 /* SBJsonStreamParserAdapter.m in Sources */ = {isa = PBXBuildFile; fileRef = 8EB203E71D766456009CCEA0 /* SBJsonStreamParserAdapter.m */; };
		8EB203FB1D766456009CCEA0 /* SBJsonStreamParserState.m in Sources */ = {isa = PBXBuildFile; fileRef = 8EB203E91D766456009CCEA0 /* SBJsonStreamParserState.m */; };
		8EB203FC1D766456009CCEA0 /* SBJsonStreamWriter.m in Sources */ = {isa = PBXBuildFile; fileRef = 8EB203EB1D766456009CCEA0 /* SBJsonStreamWriter.m */; };
		8EB203FD1D766456009CCEA0 /* SBJsonStreamWriterAccumulator.m in Sources */ = {isa = PBXBuildFile; fileRef = 8EB203ED1D766456009CCEA0 /* SBJsonStreamWriterAccumulator.m */; };
		8EB203FE1D766456009CCEA0 /* SBJsonStreamWriterState.m in Sources */ = {isa = PBXBuildFile; fileRef = 8EB203EF1D766456009CCEA0 /* SBJsonStreamWriterState.m */; };
		8EB203FF1D766456009CCEA0 /* SBJsonTokeniser.m in Sources */ = {isa = PBXBuildFile; fileRef = 8EB203F11D766456009CCEA0 /* SBJsonTokeniser.m */; };
		8EB204001D766456009CCEA0 /* SBJsonUTF8Stream.m in Sources */ = {isa = PBXBuildFile; fileRef = 8EB203F31D766456009CCEA0 /* SBJsonUTF8Stream.m */; };
		8EB204011D766456009CCEA0 /* SBJsonWriter.m in Sources */ = {isa = PBXBuildFile; fileRef = 8EB203F51D766456009CCEA0 /* SBJsonWriter.m */; };
		8EB204091D7664F6009CCEA0 /* Coord.m in Sources */ = {isa = PBXBuildFile; fileRef = 8EB204041D7664F6009CCEA0 /* Coord.m */; };
		8EB2040A1D7664F6009CCEA0 /* MainObject.m in Sources */ = {isa = PBXBuildFile; fileRef = 8EB204061D7664F6009CCEA0 /* MainObject.m */; };
		8EB2040B1D7664F6009CCEA0 /* ObjectResponse.m in Sources */ = {isa = PBXBuildFile; fileRef = 8EB204081D7664F6009CCEA0 /* ObjectResponse.m */; };
		8EBAD9661D750038001F7B57 /* cellOnlineShopping.m in Sources */ = {isa = PBXBuildFile; fileRef = 8EBAD9641D750038001F7B57 /* cellOnlineShopping.m */; };
		8EBAD9671D750038001F7B57 /* cellOnlineShopping.xib in Resources */ = {isa = PBXBuildFile; fileRef = 8EBAD9651D750038001F7B57 /* cellOnlineShopping.xib */; };
		8EBAD9721D750869001F7B57 /* NewN3D.jpg in Resources */ = {isa = PBXBuildFile; fileRef = 8EBAD9681D750869001F7B57 /* NewN3D.jpg */; };
		8EBAD9731D750869001F7B57 /* NGC.png in Resources */ = {isa = PBXBuildFile; fileRef = 8EBAD9691D750869001F7B57 /* NGC.png */; };
		8EBAD9741D750869001F7B57 /* NintendoWiiU.jpg in Resources */ = {isa = PBXBuildFile; fileRef = 8EBAD96A1D750869001F7B57 /* NintendoWiiU.jpg */; };
		8EBAD9751D750869001F7B57 /* ps3.png in Resources */ = {isa = PBXBuildFile; fileRef = 8EBAD96B1D750869001F7B57 /* ps3.png */; };
		8EBAD9761D750869001F7B57 /* ps4.png in Resources */ = {isa = PBXBuildFile; fileRef = 8EBAD96C1D750869001F7B57 /* ps4.png */; };
		8EBAD9771D750869001F7B57 /* pspvita.jpg in Resources */ = {isa = PBXBuildFile; fileRef = 8EBAD96D1D750869001F7B57 /* pspvita.jpg */; };
		8EBAD9781D750869001F7B57 /* steammachine.jpg in Resources */ = {isa = PBXBuildFile; fileRef = 8EBAD96E1D750869001F7B57 /* steammachine.jpg */; };
		8EBAD9791D750869001F7B57 /* wii.jpg in Resources */ = {isa = PBXBuildFile; fileRef = 8EBAD96F1D750869001F7B57 /* wii.jpg */; };
		8EBAD97A1D750869001F7B57 /* xbox360.jpg in Resources */ = {isa = PBXBuildFile; fileRef = 8EBAD9701D750869001F7B57 /* xbox360.jpg */; };
		8EBAD97B1D750869001F7B57 /* xboxone.jpg in Resources */ = {isa = PBXBuildFile; fileRef = 8EBAD9711D750869001F7B57 /* xboxone.jpg */; };
		8EF960081D7389E500866310 /* main.m in Sources */ = {isa = PBXBuildFile; fileRef = 8EF960071D7389E500866310 /* main.m */; };
		8EF9600B1D7389E500866310 /* AppDelegate.m in Sources */ = {isa = PBXBuildFile; fileRef = 8EF9600A1D7389E500866310 /* AppDelegate.m */; };
		8EF9600E1D7389E500866310 /* Home.m in Sources */ = {isa = PBXBuildFile; fileRef = 8EF9600D1D7389E500866310 /* Home.m */; };
		8EF960111D7389E500866310 /* Main.storyboard in Resources */ = {isa = PBXBuildFile; fileRef = 8EF9600F1D7389E500866310 /* Main.storyboard */; };
		8EF960141D7389E500866310 /* ExamenIOS.xcdatamodeld in Sources */ = {isa = PBXBuildFile; fileRef = 8EF960121D7389E500866310 /* ExamenIOS.xcdatamodeld */; };
		8EF960161D7389E500866310 /* Assets.xcassets in Resources */ = {isa = PBXBuildFile; fileRef = 8EF960151D7389E500866310 /* Assets.xcassets */; };
		8EF960191D7389E500866310 /* LaunchScreen.storyboard in Resources */ = {isa = PBXBuildFile; fileRef = 8EF960171D7389E500866310 /* LaunchScreen.storyboard */; };
		8EF960251D73A92900866310 /* Selection.m in Sources */ = {isa = PBXBuildFile; fileRef = 8EF960241D73A92900866310 /* Selection.m */; };
		8EF9602B1D73ABAC00866310 /* apple_logo.png in Resources */ = {isa = PBXBuildFile; fileRef = 8EF9602A1D73ABAC00866310 /* apple_logo.png */; };
		8EF9602F1D73ACDB00866310 /* cellSelection.m in Sources */ = {isa = PBXBuildFile; fileRef = 8EF9602D1D73ACDB00866310 /* cellSelection.m */; };
		8EF960301D73ACDB00866310 /* cellSelection.xib in Resources */ = {isa = PBXBuildFile; fileRef = 8EF9602E1D73ACDB00866310 /* cellSelection.xib */; };
		8EF960331D73B71900866310 /* shoppingcarticon.jpg in Resources */ = {isa = PBXBuildFile; fileRef = 8EF960311D73B71900866310 /* shoppingcarticon.jpg */; };
		8EF960341D73B71900866310 /* wheatericon.png in Resources */ = {isa = PBXBuildFile; fileRef = 8EF960321D73B71900866310 /* wheatericon.png */; };
		8EF9603A1D73C8C000866310 /* WheaterMap.m in Sources */ = {isa = PBXBuildFile; fileRef = 8EF960391D73C8C000866310 /* WheaterMap.m */; };
		8EF9603D1D73C8EA00866310 /* OnlineShopping.m in Sources */ = {isa = PBXBuildFile; fileRef = 8EF9603C1D73C8EA00866310 /* OnlineShopping.m */; };
		8EF960411D73E3AB00866310 /* Podfile in Resources */ = {isa = PBXBuildFile; fileRef = 8EF960401D73E3AB00866310 /* Podfile */; };
		91DCD511A4437353F066B1FC /* Pods_ExamenIOS.framework in Frameworks */ = {isa = PBXBuildFile; fileRef = 371877D8EDBCDDDED3446581 /* Pods_ExamenIOS.framework */; };
/* End PBXBuildFile section */

/* Begin PBXFileReference section */
		19291DF62184CA26DD310C71 /* Pods-ExamenIOS.debug.xcconfig */ = {isa = PBXFileReference; includeInIndex = 1; lastKnownFileType = text.xcconfig; name = "Pods-ExamenIOS.debug.xcconfig"; path = "Pods/Target Support Files/Pods-ExamenIOS/Pods-ExamenIOS.debug.xcconfig"; sourceTree = "<group>"; };
		371877D8EDBCDDDED3446581 /* Pods_ExamenIOS.framework */ = {isa = PBXFileReference; explicitFileType = wrapper.framework; includeInIndex = 0; path = Pods_ExamenIOS.framework; sourceTree = BUILT_PRODUCTS_DIR; };
		640615391FCD4C1B5D79F1CF /* Pods-ExamenIOS.release.xcconfig */ = {isa = PBXFileReference; includeInIndex = 1; lastKnownFileType = text.xcconfig; name = "Pods-ExamenIOS.release.xcconfig"; path = "Pods/Target Support Files/Pods-ExamenIOS/Pods-ExamenIOS.release.xcconfig"; sourceTree = "<group>"; };
		8E6402F71D75136C0095AF28 /* PaypalPayment.h */ = {isa = PBXFileReference; fileEncoding = 4; lastKnownFileType = sourcecode.c.h; path = PaypalPayment.h; sourceTree = "<group>"; };
		8E6402F81D75136C0095AF28 /* PaypalPayment.m */ = {isa = PBXFileReference; fileEncoding = 4; lastKnownFileType = sourcecode.c.objc; path = PaypalPayment.m; sourceTree = "<group>"; };
		8E6402FB1D75262B0095AF28 /* libPayPalMobile.a */ = {isa = PBXFileReference; lastKnownFileType = archive.ar; path = libPayPalMobile.a; sourceTree = "<group>"; };
		8E6402FC1D75262B0095AF28 /* PayPalConfiguration.h */ = {isa = PBXFileReference; fileEncoding = 4; lastKnownFileType = sourcecode.c.h; path = PayPalConfiguration.h; sourceTree = "<group>"; };
		8E6402FD1D75262B0095AF28 /* PayPalFuturePaymentViewController.h */ = {isa = PBXFileReference; fileEncoding = 4; lastKnownFileType = sourcecode.c.h; path = PayPalFuturePaymentViewController.h; sourceTree = "<group>"; };
		8E6402FE1D75262B0095AF28 /* PayPalMobile.h */ = {isa = PBXFileReference; fileEncoding = 4; lastKnownFileType = sourcecode.c.h; path = PayPalMobile.h; sourceTree = "<group>"; };
		8E6402FF1D75262B0095AF28 /* PayPalOAuthScopes.h */ = {isa = PBXFileReference; fileEncoding = 4; lastKnownFileType = sourcecode.c.h; path = PayPalOAuthScopes.h; sourceTree = "<group>"; };
		8E6403001D75262B0095AF28 /* PayPalPayment.h */ = {isa = PBXFileReference; fileEncoding = 4; lastKnownFileType = sourcecode.c.h; path = PayPalPayment.h; sourceTree = "<group>"; };
		8E6403011D75262B0095AF28 /* PayPalPaymentViewController.h */ = {isa = PBXFileReference; fileEncoding = 4; lastKnownFileType = sourcecode.c.h; path = PayPalPaymentViewController.h; sourceTree = "<group>"; };
		8E6403021D75262B0095AF28 /* PayPalProfileSharingViewController.h */ = {isa = PBXFileReference; fileEncoding = 4; lastKnownFileType = sourcecode.c.h; path = PayPalProfileSharingViewController.h; sourceTree = "<group>"; };
		8E6403051D7526490095AF28 /* CardIO.h */ = {isa = PBXFileReference; fileEncoding = 4; lastKnownFileType = sourcecode.c.h; path = CardIO.h; sourceTree = "<group>"; };
		8E6403061D7526490095AF28 /* CardIOCreditCardInfo.h */ = {isa = PBXFileReference; fileEncoding = 4; lastKnownFileType = sourcecode.c.h; path = CardIOCreditCardInfo.h; sourceTree = "<group>"; };
		8E6403071D7526490095AF28 /* CardIODetectionMode.h */ = {isa = PBXFileReference; fileEncoding = 4; lastKnownFileType = sourcecode.c.h; path = CardIODetectionMode.h; sourceTree = "<group>"; };
		8E6403081D7526490095AF28 /* CardIOPaymentViewController.h */ = {isa = PBXFileReference; fileEncoding = 4; lastKnownFileType = sourcecode.c.h; path = CardIOPaymentViewController.h; sourceTree = "<group>"; };
		8E6403091D7526490095AF28 /* CardIOPaymentViewControllerDelegate.h */ = {isa = PBXFileReference; fileEncoding = 4; lastKnownFileType = sourcecode.c.h; path = CardIOPaymentViewControllerDelegate.h; sourceTree = "<group>"; };
		8E64030A1D7526490095AF28 /* CardIOUtilities.h */ = {isa = PBXFileReference; fileEncoding = 4; lastKnownFileType = sourcecode.c.h; path = CardIOUtilities.h; sourceTree = "<group>"; };
		8E64030B1D7526490095AF28 /* CardIOView.h */ = {isa = PBXFileReference; fileEncoding = 4; lastKnownFileType = sourcecode.c.h; path = CardIOView.h; sourceTree = "<group>"; };
		8E64030C1D7526490095AF28 /* CardIOViewDelegate.h */ = {isa = PBXFileReference; fileEncoding = 4; lastKnownFileType = sourcecode.c.h; path = CardIOViewDelegate.h; sourceTree = "<group>"; };
		8E64030D1D7526490095AF28 /* libCardIO.a */ = {isa = PBXFileReference; lastKnownFileType = archive.ar; path = libCardIO.a; sourceTree = "<group>"; };
		8E64030E1D7526490095AF28 /* libopencv_core.a */ = {isa = PBXFileReference; lastKnownFileType = archive.ar; path = libopencv_core.a; sourceTree = "<group>"; };
		8E64030F1D7526490095AF28 /* libopencv_imgproc.a */ = {isa = PBXFileReference; lastKnownFileType = archive.ar; path = libopencv_imgproc.a; sourceTree = "<group>"; };
		8E6403131D7527340095AF28 /* Accelerate.framework */ = {isa = PBXFileReference; lastKnownFileType = wrapper.framework; name = Accelerate.framework; path = System/Library/Frameworks/Accelerate.framework; sourceTree = SDKROOT; };
		8E6403151D7527410095AF28 /* AudioToolbox.framework */ = {isa = PBXFileReference; lastKnownFileType = wrapper.framework; name = AudioToolbox.framework; path = System/Library/Frameworks/AudioToolbox.framework; sourceTree = SDKROOT; };
		8E6403171D75274E0095AF28 /* AVFoundation.framework */ = {isa = PBXFileReference; lastKnownFileType = wrapper.framework; name = AVFoundation.framework; path = System/Library/Frameworks/AVFoundation.framework; sourceTree = SDKROOT; };
		8E6403191D75275B0095AF28 /* CoreLocation.framework */ = {isa = PBXFileReference; lastKnownFileType = wrapper.framework; name = CoreLocation.framework; path = System/Library/Frameworks/CoreLocation.framework; sourceTree = SDKROOT; };
		8E64031B1D75276A0095AF28 /* CoreMedia.framework */ = {isa = PBXFileReference; lastKnownFileType = wrapper.framework; name = CoreMedia.framework; path = System/Library/Frameworks/CoreMedia.framework; sourceTree = SDKROOT; };
		8E64031D1D7527760095AF28 /* MessageUI.framework */ = {isa = PBXFileReference; lastKnownFileType = wrapper.framework; name = MessageUI.framework; path = System/Library/Frameworks/MessageUI.framework; sourceTree = SDKROOT; };
		8E64031F1D7527820095AF28 /* MobileCoreServices.framework */ = {isa = PBXFileReference; lastKnownFileType = wrapper.framework; name = MobileCoreServices.framework; path = System/Library/Frameworks/MobileCoreServices.framework; sourceTree = SDKROOT; };
		8E6403211D75278F0095AF28 /* SystemConfiguration.framework */ = {isa = PBXFileReference; lastKnownFileType = wrapper.framework; name = SystemConfiguration.framework; path = System/Library/Frameworks/SystemConfiguration.framework; sourceTree = SDKROOT; };
		8E6403231D75279A0095AF28 /* SafariServices.framework */ = {isa = PBXFileReference; lastKnownFileType = wrapper.framework; name = SafariServices.framework; path = System/Library/Frameworks/SafariServices.framework; sourceTree = SDKROOT; };
		8EB203B01D765E07009CCEA0 /* NSDictionary+ObjectMapper.h */ = {isa = PBXFileReference; fileEncoding = 4; lastKnownFileType = sourcecode.c.h; path = "NSDictionary+ObjectMapper.h"; sourceTree = "<group>"; };
		8EB203B11D765E07009CCEA0 /* NSDictionary+ObjectMapper.m */ = {isa = PBXFileReference; fileEncoding = 4; lastKnownFileType = sourcecode.c.objc; path = "NSDictionary+ObjectMapper.m"; sourceTree = "<group>"; };
		8EB203B21D765E07009CCEA0 /* NSObject+ObjectMapper.h */ = {isa = PBXFileReference; fileEncoding = 4; lastKnownFileType = sourcecode.c.h; path = "NSObject+ObjectMapper.h"; sourceTree = "<group>"; };
		8EB203B31D765E07009CCEA0 /* NSObject+ObjectMapper.m */ = {isa = PBXFileReference; fileEncoding = 4; lastKnownFileType = sourcecode.c.objc; path = "NSObject+ObjectMapper.m"; sourceTree = "<group>"; };
		8EB203B51D765E07009CCEA0 /* InstanceProvider.h */ = {isa = PBXFileReference; fileEncoding = 4; lastKnownFileType = sourcecode.c.h; path = InstanceProvider.h; sourceTree = "<group>"; };
		8EB203B61D765E07009CCEA0 /* ManagedObjectInstanceProvider.h */ = {isa = PBXFileReference; fileEncoding = 4; lastKnownFileType = sourcecode.c.h; path = ManagedObjectInstanceProvider.h; sourceTree = "<group>"; };
		8EB203B71D765E07009CCEA0 /* ManagedObjectInstanceProvider.m */ = {isa = PBXFileReference; fileEncoding = 4; lastKnownFileType = sourcecode.c.objc; path = ManagedObjectInstanceProvider.m; sourceTree = "<group>"; };
		8EB203B81D765E07009CCEA0 /* ObjectInstanceProvider.h */ = {isa = PBXFileReference; fileEncoding = 4; lastKnownFileType = sourcecode.c.h; path = ObjectInstanceProvider.h; sourceTree = "<group>"; };
		8EB203B91D765E07009CCEA0 /* ObjectInstanceProvider.m */ = {isa = PBXFileReference; fileEncoding = 4; lastKnownFileType = sourcecode.c.objc; path = ObjectInstanceProvider.m; sourceTree = "<group>"; };
		8EB203BB1D765E07009CCEA0 /* CommonLoggingProvider.h */ = {isa = PBXFileReference; fileEncoding = 4; lastKnownFileType = sourcecode.c.h; path = CommonLoggingProvider.h; sourceTree = "<group>"; };
		8EB203BC1D765E07009CCEA0 /* CommonLoggingProvider.m */ = {isa = PBXFileReference; fileEncoding = 4; lastKnownFileType = sourcecode.c.objc; path = CommonLoggingProvider.m; sourceTree = "<group>"; };
		8EB203BD1D765E07009CCEA0 /* LoggingProvider.h */ = {isa = PBXFileReference; fileEncoding = 4; lastKnownFileType = sourcecode.c.h; path = LoggingProvider.h; sourceTree = "<group>"; };
		8EB203C01D765E07009CCEA0 /* InCodeMappingProvider.h */ = {isa = PBXFileReference; fileEncoding = 4; lastKnownFileType = sourcecode.c.h; path = InCodeMappingProvider.h; sourceTree = "<group>"; };
		8EB203C11D765E07009CCEA0 /* InCodeMappingProvider.m */ = {isa = PBXFileReference; fileEncoding = 4; lastKnownFileType = sourcecode.c.objc; path = InCodeMappingProvider.m; sourceTree = "<group>"; };
		8EB203C21D765E07009CCEA0 /* MappingProvider.h */ = {isa = PBXFileReference; fileEncoding = 4; lastKnownFileType = sourcecode.c.h; path = MappingProvider.h; sourceTree = "<group>"; };
		8EB203C31D765E07009CCEA0 /* ObjectMapper.h */ = {isa = PBXFileReference; fileEncoding = 4; lastKnownFileType = sourcecode.c.h; path = ObjectMapper.h; sourceTree = "<group>"; };
		8EB203C41D765E07009CCEA0 /* ObjectMapper.m */ = {isa = PBXFileReference; fileEncoding = 4; lastKnownFileType = sourcecode.c.objc; path = ObjectMapper.m; sourceTree = "<group>"; };
		8EB203C51D765E07009CCEA0 /* ObjectMappingInfo.h */ = {isa = PBXFileReference; fileEncoding = 4; lastKnownFileType = sourcecode.c.h; path = ObjectMappingInfo.h; sourceTree = "<group>"; };
		8EB203C61D765E07009CCEA0 /* ObjectMappingInfo.m */ = {isa = PBXFileReference; fileEncoding = 4; lastKnownFileType = sourcecode.c.objc; path = ObjectMappingInfo.m; sourceTree = "<group>"; };
		8EB203C71D765E07009CCEA0 /* OCMapper.h */ = {isa = PBXFileReference; fileEncoding = 4; lastKnownFileType = sourcecode.c.h; path = OCMapper.h; sourceTree = "<group>"; };
		8EB203D01D766017009CCEA0 /* Declarations.h */ = {isa = PBXFileReference; fileEncoding = 4; lastKnownFileType = sourcecode.c.h; path = Declarations.h; sourceTree = "<group>"; };
		8EB203D11D766017009CCEA0 /* Declarations.m */ = {isa = PBXFileReference; fileEncoding = 4; lastKnownFileType = sourcecode.c.objc; path = Declarations.m; sourceTree = "<group>"; };
		8EB203D31D76602E009CCEA0 /* WebServices.h */ = {isa = PBXFileReference; fileEncoding = 4; lastKnownFileType = sourcecode.c.h; path = WebServices.h; sourceTree = "<group>"; };
		8EB203D41D76602E009CCEA0 /* WebServices.m */ = {isa = PBXFileReference; fileEncoding = 4; lastKnownFileType = sourcecode.c.objc; path = WebServices.m; sourceTree = "<group>"; };
		8EB203D61D766042009CCEA0 /* Parser.h */ = {isa = PBXFileReference; fileEncoding = 4; lastKnownFileType = sourcecode.c.h; path = Parser.h; sourceTree = "<group>"; };
		8EB203D71D766042009CCEA0 /* Parser.m */ = {isa = PBXFileReference; fileEncoding = 4; lastKnownFileType = sourcecode.c.objc; path = Parser.m; sourceTree = "<group>"; };
		8EB203D91D76606A009CCEA0 /* OCMapperConfig.h */ = {isa = PBXFileReference; fileEncoding = 4; lastKnownFileType = sourcecode.c.h; path = OCMapperConfig.h; sourceTree = "<group>"; };
		8EB203DA1D76606A009CCEA0 /* OCMapperConfig.m */ = {isa = PBXFileReference; fileEncoding = 4; lastKnownFileType = sourcecode.c.objc; path = OCMapperConfig.m; sourceTree = "<group>"; };
		8EB203DD1D766456009CCEA0 /* NSObject+SBJson.h */ = {isa = PBXFileReference; fileEncoding = 4; lastKnownFileType = sourcecode.c.h; path = "NSObject+SBJson.h"; sourceTree = "<group>"; };
		8EB203DE1D766456009CCEA0 /* NSObject+SBJson.m */ = {isa = PBXFileReference; fileEncoding = 4; lastKnownFileType = sourcecode.c.objc; path = "NSObject+SBJson.m"; sourceTree = "<group>"; };
		8EB203DF1D766456009CCEA0 /* SBJson.h */ = {isa = PBXFileReference; fileEncoding = 4; lastKnownFileType = sourcecode.c.h; path = SBJson.h; sourceTree = "<group>"; };
		8EB203E01D766456009CCEA0 /* SBJsonParser.h */ = {isa = PBXFileReference; fileEncoding = 4; lastKnownFileType = sourcecode.c.h; path = SBJsonParser.h; sourceTree = "<group>"; };
		8EB203E11D766456009CCEA0 /* SBJsonParser.m */ = {isa = PBXFileReference; fileEncoding = 4; lastKnownFileType = sourcecode.c.objc; path = SBJsonParser.m; sourceTree = "<group>"; };
		8EB203E21D766456009CCEA0 /* SBJsonStreamParser.h */ = {isa = PBXFileReference; fileEncoding = 4; lastKnownFileType = sourcecode.c.h; path = SBJsonStreamParser.h; sourceTree = "<group>"; };
		8EB203E31D766456009CCEA0 /* SBJsonStreamParser.m */ = {isa = PBXFileReference; fileEncoding = 4; lastKnownFileType = sourcecode.c.objc; path = SBJsonStreamParser.m; sourceTree = "<group>"; };
		8EB203E41D766456009CCEA0 /* SBJsonStreamParserAccumulator.h */ = {isa = PBXFileReference; fileEncoding = 4; lastKnownFileType = sourcecode.c.h; path = SBJsonStreamParserAccumulator.h; sourceTree = "<group>"; };
		8EB203E51D766456009CCEA0 /* SBJsonStreamParserAccumulator.m */ = {isa = PBXFileReference; fileEncoding = 4; lastKnownFileType = sourcecode.c.objc; path = SBJsonStreamParserAccumulator.m; sourceTree = "<group>"; };
		8EB203E61D766456009CCEA0 /* SBJsonStreamParserAdapter.h */ = {isa = PBXFileReference; fileEncoding = 4; lastKnownFileType = sourcecode.c.h; path = SBJsonStreamParserAdapter.h; sourceTree = "<group>"; };
		8EB203E71D766456009CCEA0 /* SBJsonStreamParserAdapter.m */ = {isa = PBXFileReference; fileEncoding = 4; lastKnownFileType = sourcecode.c.objc; path = SBJsonStreamParserAdapter.m; sourceTree = "<group>"; };
		8EB203E81D766456009CCEA0 /* SBJsonStreamParserState.h */ = {isa = PBXFileReference; fileEncoding = 4; lastKnownFileType = sourcecode.c.h; path = SBJsonStreamParserState.h; sourceTree = "<group>"; };
		8EB203E91D766456009CCEA0 /* SBJsonStreamParserState.m */ = {isa = PBXFileReference; fileEncoding = 4; lastKnownFileType = sourcecode.c.objc; path = SBJsonStreamParserState.m; sourceTree = "<group>"; };
		8EB203EA1D766456009CCEA0 /* SBJsonStreamWriter.h */ = {isa = PBXFileReference; fileEncoding = 4; lastKnownFileType = sourcecode.c.h; path = SBJsonStreamWriter.h; sourceTree = "<group>"; };
		8EB203EB1D766456009CCEA0 /* SBJsonStreamWriter.m */ = {isa = PBXFileReference; fileEncoding = 4; lastKnownFileType = sourcecode.c.objc; path = SBJsonStreamWriter.m; sourceTree = "<group>"; };
		8EB203EC1D766456009CCEA0 /* SBJsonStreamWriterAccumulator.h */ = {isa = PBXFileReference; fileEncoding = 4; lastKnownFileType = sourcecode.c.h; path = SBJsonStreamWriterAccumulator.h; sourceTree = "<group>"; };
		8EB203ED1D766456009CCEA0 /* SBJsonStreamWriterAccumulator.m */ = {isa = PBXFileReference; fileEncoding = 4; lastKnownFileType = sourcecode.c.objc; path = SBJsonStreamWriterAccumulator.m; sourceTree = "<group>"; };
		8EB203EE1D766456009CCEA0 /* SBJsonStreamWriterState.h */ = {isa = PBXFileReference; fileEncoding = 4; lastKnownFileType = sourcecode.c.h; path = SBJsonStreamWriterState.h; sourceTree = "<group>"; };
		8EB203EF1D766456009CCEA0 /* SBJsonStreamWriterState.m */ = {isa = PBXFileReference; fileEncoding = 4; lastKnownFileType = sourcecode.c.objc; path = SBJsonStreamWriterState.m; sourceTree = "<group>"; };
		8EB203F01D766456009CCEA0 /* SBJsonTokeniser.h */ = {isa = PBXFileReference; fileEncoding = 4; lastKnownFileType = sourcecode.c.h; path = SBJsonTokeniser.h; sourceTree = "<group>"; };
		8EB203F11D766456009CCEA0 /* SBJsonTokeniser.m */ = {isa = PBXFileReference; fileEncoding = 4; lastKnownFileType = sourcecode.c.objc; path = SBJsonTokeniser.m; sourceTree = "<group>"; };
		8EB203F21D766456009CCEA0 /* SBJsonUTF8Stream.h */ = {isa = PBXFileReference; fileEncoding = 4; lastKnownFileType = sourcecode.c.h; path = SBJsonUTF8Stream.h; sourceTree = "<group>"; };
		8EB203F31D766456009CCEA0 /* SBJsonUTF8Stream.m */ = {isa = PBXFileReference; fileEncoding = 4; lastKnownFileType = sourcecode.c.objc; path = SBJsonUTF8Stream.m; sourceTree = "<group>"; };
		8EB203F41D766456009CCEA0 /* SBJsonWriter.h */ = {isa = PBXFileReference; fileEncoding = 4; lastKnownFileType = sourcecode.c.h; path = SBJsonWriter.h; sourceTree = "<group>"; };
		8EB203F51D766456009CCEA0 /* SBJsonWriter.m */ = {isa = PBXFileReference; fileEncoding = 4; lastKnownFileType = sourcecode.c.objc; path = SBJsonWriter.m; sourceTree = "<group>"; };
		8EB204031D7664F6009CCEA0 /* Coord.h */ = {isa = PBXFileReference; fileEncoding = 4; lastKnownFileType = sourcecode.c.h; path = Coord.h; sourceTree = "<group>"; };
		8EB204041D7664F6009CCEA0 /* Coord.m */ = {isa = PBXFileReference; fileEncoding = 4; lastKnownFileType = sourcecode.c.objc; path = Coord.m; sourceTree = "<group>"; };
		8EB204051D7664F6009CCEA0 /* MainObject.h */ = {isa = PBXFileReference; fileEncoding = 4; lastKnownFileType = sourcecode.c.h; path = MainObject.h; sourceTree = "<group>"; };
		8EB204061D7664F6009CCEA0 /* MainObject.m */ = {isa = PBXFileReference; fileEncoding = 4; lastKnownFileType = sourcecode.c.objc; path = MainObject.m; sourceTree = "<group>"; };
		8EB204071D7664F6009CCEA0 /* ObjectResponse.h */ = {isa = PBXFileReference; fileEncoding = 4; lastKnownFileType = sourcecode.c.h; path = ObjectResponse.h; sourceTree = "<group>"; };
		8EB204081D7664F6009CCEA0 /* ObjectResponse.m */ = {isa = PBXFileReference; fileEncoding = 4; lastKnownFileType = sourcecode.c.objc; path = ObjectResponse.m; sourceTree = "<group>"; };
		8EBAD9631D750038001F7B57 /* cellOnlineShopping.h */ = {isa = PBXFileReference; fileEncoding = 4; lastKnownFileType = sourcecode.c.h; path = cellOnlineShopping.h; sourceTree = "<group>"; };
		8EBAD9641D750038001F7B57 /* cellOnlineShopping.m */ = {isa = PBXFileReference; fileEncoding = 4; lastKnownFileType = sourcecode.c.objc; path = cellOnlineShopping.m; sourceTree = "<group>"; };
		8EBAD9651D750038001F7B57 /* cellOnlineShopping.xib */ = {isa = PBXFileReference; fileEncoding = 4; lastKnownFileType = file.xib; path = cellOnlineShopping.xib; sourceTree = "<group>"; };
		8EBAD9681D750869001F7B57 /* NewN3D.jpg */ = {isa = PBXFileReference; lastKnownFileType = image.jpeg; name = NewN3D.jpg; path = Images/NewN3D.jpg; sourceTree = "<group>"; };
		8EBAD9691D750869001F7B57 /* NGC.png */ = {isa = PBXFileReference; lastKnownFileType = image.png; name = NGC.png; path = Images/NGC.png; sourceTree = "<group>"; };
		8EBAD96A1D750869001F7B57 /* NintendoWiiU.jpg */ = {isa = PBXFileReference; lastKnownFileType = image.jpeg; name = NintendoWiiU.jpg; path = Images/NintendoWiiU.jpg; sourceTree = "<group>"; };
		8EBAD96B1D750869001F7B57 /* ps3.png */ = {isa = PBXFileReference; lastKnownFileType = image.png; name = ps3.png; path = Images/ps3.png; sourceTree = "<group>"; };
		8EBAD96C1D750869001F7B57 /* ps4.png */ = {isa = PBXFileReference; lastKnownFileType = image.png; name = ps4.png; path = Images/ps4.png; sourceTree = "<group>"; };
		8EBAD96D1D750869001F7B57 /* pspvita.jpg */ = {isa = PBXFileReference; lastKnownFileType = image.jpeg; name = pspvita.jpg; path = Images/pspvita.jpg; sourceTree = "<group>"; };
		8EBAD96E1D750869001F7B57 /* steammachine.jpg */ = {isa = PBXFileReference; lastKnownFileType = image.jpeg; name = steammachine.jpg; path = Images/steammachine.jpg; sourceTree = "<group>"; };
		8EBAD96F1D750869001F7B57 /* wii.jpg */ = {isa = PBXFileReference; lastKnownFileType = image.jpeg; name = wii.jpg; path = Images/wii.jpg; sourceTree = "<group>"; };
		8EBAD9701D750869001F7B57 /* xbox360.jpg */ = {isa = PBXFileReference; lastKnownFileType = image.jpeg; name = xbox360.jpg; path = Images/xbox360.jpg; sourceTree = "<group>"; };
		8EBAD9711D750869001F7B57 /* xboxone.jpg */ = {isa = PBXFileReference; lastKnownFileType = image.jpeg; name = xboxone.jpg; path = Images/xboxone.jpg; sourceTree = "<group>"; };
		8EF960031D7389E500866310 /* ExamenIOS.app */ = {isa = PBXFileReference; explicitFileType = wrapper.application; includeInIndex = 0; path = ExamenIOS.app; sourceTree = BUILT_PRODUCTS_DIR; };
		8EF960071D7389E500866310 /* main.m */ = {isa = PBXFileReference; lastKnownFileType = sourcecode.c.objc; path = main.m; sourceTree = "<group>"; };
		8EF960091D7389E500866310 /* AppDelegate.h */ = {isa = PBXFileReference; lastKnownFileType = sourcecode.c.h; path = AppDelegate.h; sourceTree = "<group>"; };
		8EF9600A1D7389E500866310 /* AppDelegate.m */ = {isa = PBXFileReference; lastKnownFileType = sourcecode.c.objc; path = AppDelegate.m; sourceTree = "<group>"; };
		8EF9600C1D7389E500866310 /* Home.h */ = {isa = PBXFileReference; lastKnownFileType = sourcecode.c.h; path = Home.h; sourceTree = "<group>"; };
		8EF9600D1D7389E500866310 /* Home.m */ = {isa = PBXFileReference; lastKnownFileType = sourcecode.c.objc; path = Home.m; sourceTree = "<group>"; };
		8EF960101D7389E500866310 /* Base */ = {isa = PBXFileReference; lastKnownFileType = file.storyboard; name = Base; path = Base.lproj/Main.storyboard; sourceTree = "<group>"; };
		8EF960131D7389E500866310 /* ExamenIOS.xcdatamodel */ = {isa = PBXFileReference; lastKnownFileType = wrapper.xcdatamodel; path = ExamenIOS.xcdatamodel; sourceTree = "<group>"; };
		8EF960151D7389E500866310 /* Assets.xcassets */ = {isa = PBXFileReference; lastKnownFileType = folder.assetcatalog; path = Assets.xcassets; sourceTree = "<group>"; };
		8EF960181D7389E500866310 /* Base */ = {isa = PBXFileReference; lastKnownFileType = file.storyboard; name = Base; path = Base.lproj/LaunchScreen.storyboard; sourceTree = "<group>"; };
		8EF9601A1D7389E500866310 /* Info.plist */ = {isa = PBXFileReference; lastKnownFileType = text.plist.xml; path = Info.plist; sourceTree = "<group>"; };
		8EF960231D73A92900866310 /* Selection.h */ = {isa = PBXFileReference; fileEncoding = 4; lastKnownFileType = sourcecode.c.h; path = Selection.h; sourceTree = "<group>"; };
		8EF960241D73A92900866310 /* Selection.m */ = {isa = PBXFileReference; fileEncoding = 4; lastKnownFileType = sourcecode.c.objc; path = Selection.m; sourceTree = "<group>"; };
		8EF9602A1D73ABAC00866310 /* apple_logo.png */ = {isa = PBXFileReference; lastKnownFileType = image.png; name = apple_logo.png; path = Images/apple_logo.png; sourceTree = "<group>"; };
		8EF9602C1D73ACDB00866310 /* cellSelection.h */ = {isa = PBXFileReference; fileEncoding = 4; lastKnownFileType = sourcecode.c.h; path = cellSelection.h; sourceTree = "<group>"; };
		8EF9602D1D73ACDB00866310 /* cellSelection.m */ = {isa = PBXFileReference; fileEncoding = 4; lastKnownFileType = sourcecode.c.objc; path = cellSelection.m; sourceTree = "<group>"; };
		8EF9602E1D73ACDB00866310 /* cellSelection.xib */ = {isa = PBXFileReference; fileEncoding = 4; lastKnownFileType = file.xib; path = cellSelection.xib; sourceTree = "<group>"; };
		8EF960311D73B71900866310 /* shoppingcarticon.jpg */ = {isa = PBXFileReference; lastKnownFileType = image.jpeg; name = shoppingcarticon.jpg; path = Images/shoppingcarticon.jpg; sourceTree = "<group>"; };
		8EF960321D73B71900866310 /* wheatericon.png */ = {isa = PBXFileReference; lastKnownFileType = image.png; name = wheatericon.png; path = Images/wheatericon.png; sourceTree = "<group>"; };
		8EF960381D73C8C000866310 /* WheaterMap.h */ = {isa = PBXFileReference; fileEncoding = 4; lastKnownFileType = sourcecode.c.h; path = WheaterMap.h; sourceTree = "<group>"; };
		8EF960391D73C8C000866310 /* WheaterMap.m */ = {isa = PBXFileReference; fileEncoding = 4; lastKnownFileType = sourcecode.c.objc; path = WheaterMap.m; sourceTree = "<group>"; };
		8EF9603B1D73C8EA00866310 /* OnlineShopping.h */ = {isa = PBXFileReference; fileEncoding = 4; lastKnownFileType = sourcecode.c.h; path = OnlineShopping.h; sourceTree = "<group>"; };
		8EF9603C1D73C8EA00866310 /* OnlineShopping.m */ = {isa = PBXFileReference; fileEncoding = 4; lastKnownFileType = sourcecode.c.objc; path = OnlineShopping.m; sourceTree = "<group>"; };
		8EF960401D73E3AB00866310 /* Podfile */ = {isa = PBXFileReference; fileEncoding = 4; lastKnownFileType = text; path = Podfile; sourceTree = SOURCE_ROOT; };
/* End PBXFileReference section */

/* Begin PBXFrameworksBuildPhase section */
		8EF960001D7389E500866310 /* Frameworks */ = {
			isa = PBXFrameworksBuildPhase;
			buildActionMask = 2147483647;
			files = (
				8E6403241D75279A0095AF28 /* SafariServices.framework in Frameworks */,
				8E6403221D75278F0095AF28 /* SystemConfiguration.framework in Frameworks */,
				8E6403201D7527820095AF28 /* MobileCoreServices.framework in Frameworks */,
				8E64031E1D7527760095AF28 /* MessageUI.framework in Frameworks */,
				8E64031C1D75276A0095AF28 /* CoreMedia.framework in Frameworks */,
				8E64031A1D75275B0095AF28 /* CoreLocation.framework in Frameworks */,
				8E6403181D75274E0095AF28 /* AVFoundation.framework in Frameworks */,
				8E6403161D7527410095AF28 /* AudioToolbox.framework in Frameworks */,
				8E6403141D7527340095AF28 /* Accelerate.framework in Frameworks */,
				8E6403031D75262B0095AF28 /* libPayPalMobile.a in Frameworks */,
				8E6403111D7526490095AF28 /* libopencv_core.a in Frameworks */,
				8E6403101D7526490095AF28 /* libCardIO.a in Frameworks */,
				91DCD511A4437353F066B1FC /* Pods_ExamenIOS.framework in Frameworks */,
				8E6403121D7526490095AF28 /* libopencv_imgproc.a in Frameworks */,
			);
			runOnlyForDeploymentPostprocessing = 0;
		};
/* End PBXFrameworksBuildPhase section */

/* Begin PBXGroup section */
		882AAA844A892A04BA8C97E1 /* Pods */ = {
			isa = PBXGroup;
			children = (
				19291DF62184CA26DD310C71 /* Pods-ExamenIOS.debug.xcconfig */,
				640615391FCD4C1B5D79F1CF /* Pods-ExamenIOS.release.xcconfig */,
			);
			name = Pods;
			sourceTree = "<group>";
		};
		8E6402FA1D75262B0095AF28 /* PayPalMobile */ = {
			isa = PBXGroup;
			children = (
				8E6402FB1D75262B0095AF28 /* libPayPalMobile.a */,
				8E6402FC1D75262B0095AF28 /* PayPalConfiguration.h */,
				8E6402FD1D75262B0095AF28 /* PayPalFuturePaymentViewController.h */,
				8E6402FE1D75262B0095AF28 /* PayPalMobile.h */,
				8E6402FF1D75262B0095AF28 /* PayPalOAuthScopes.h */,
				8E6403001D75262B0095AF28 /* PayPalPayment.h */,
				8E6403011D75262B0095AF28 /* PayPalPaymentViewController.h */,
				8E6403021D75262B0095AF28 /* PayPalProfileSharingViewController.h */,
			);
			path = PayPalMobile;
			sourceTree = "<group>";
		};
		8E6403041D7526490095AF28 /* CardIO */ = {
			isa = PBXGroup;
			children = (
				8E6403051D7526490095AF28 /* CardIO.h */,
				8E6403061D7526490095AF28 /* CardIOCreditCardInfo.h */,
				8E6403071D7526490095AF28 /* CardIODetectionMode.h */,
				8E6403081D7526490095AF28 /* CardIOPaymentViewController.h */,
				8E6403091D7526490095AF28 /* CardIOPaymentViewControllerDelegate.h */,
				8E64030A1D7526490095AF28 /* CardIOUtilities.h */,
				8E64030B1D7526490095AF28 /* CardIOView.h */,
				8E64030C1D7526490095AF28 /* CardIOViewDelegate.h */,
				8E64030D1D7526490095AF28 /* libCardIO.a */,
				8E64030E1D7526490095AF28 /* libopencv_core.a */,
				8E64030F1D7526490095AF28 /* libopencv_imgproc.a */,
			);
			path = CardIO;
			sourceTree = "<group>";
		};
		8EB203AD1D765D42009CCEA0 /* Classes */ = {
			isa = PBXGroup;
			children = (
				8EB203DC1D766456009CCEA0 /* json */,
				8EB203AE1D765E07009CCEA0 /* ocmapper */,
			);
			name = Classes;
			sourceTree = "<group>";
		};
		8EB203AE1D765E07009CCEA0 /* ocmapper */ = {
			isa = PBXGroup;
			children = (
				8EB203AF1D765E07009CCEA0 /* Categories */,
				8EB203B41D765E07009CCEA0 /* Instance Provider */,
				8EB203BA1D765E07009CCEA0 /* Logging Provider */,
				8EB203BE1D765E07009CCEA0 /* Mapping Provider */,
				8EB203C31D765E07009CCEA0 /* ObjectMapper.h */,
				8EB203C41D765E07009CCEA0 /* ObjectMapper.m */,
				8EB203C51D765E07009CCEA0 /* ObjectMappingInfo.h */,
				8EB203C61D765E07009CCEA0 /* ObjectMappingInfo.m */,
				8EB203C71D765E07009CCEA0 /* OCMapper.h */,
			);
			path = ocmapper;
			sourceTree = "<group>";
		};
		8EB203AF1D765E07009CCEA0 /* Categories */ = {
			isa = PBXGroup;
			children = (
				8EB203B01D765E07009CCEA0 /* NSDictionary+ObjectMapper.h */,
				8EB203B11D765E07009CCEA0 /* NSDictionary+ObjectMapper.m */,
				8EB203B21D765E07009CCEA0 /* NSObject+ObjectMapper.h */,
				8EB203B31D765E07009CCEA0 /* NSObject+ObjectMapper.m */,
			);
			path = Categories;
			sourceTree = "<group>";
		};
		8EB203B41D765E07009CCEA0 /* Instance Provider */ = {
			isa = PBXGroup;
			children = (
				8EB203B51D765E07009CCEA0 /* InstanceProvider.h */,
				8EB203B61D765E07009CCEA0 /* ManagedObjectInstanceProvider.h */,
				8EB203B71D765E07009CCEA0 /* ManagedObjectInstanceProvider.m */,
				8EB203B81D765E07009CCEA0 /* ObjectInstanceProvider.h */,
				8EB203B91D765E07009CCEA0 /* ObjectInstanceProvider.m */,
			);
			path = "Instance Provider";
			sourceTree = "<group>";
		};
		8EB203BA1D765E07009CCEA0 /* Logging Provider */ = {
			isa = PBXGroup;
			children = (
				8EB203BB1D765E07009CCEA0 /* CommonLoggingProvider.h */,
				8EB203BC1D765E07009CCEA0 /* CommonLoggingProvider.m */,
				8EB203BD1D765E07009CCEA0 /* LoggingProvider.h */,
			);
			path = "Logging Provider";
			sourceTree = "<group>";
		};
		8EB203BE1D765E07009CCEA0 /* Mapping Provider */ = {
			isa = PBXGroup;
			children = (
				8EB203BF1D765E07009CCEA0 /* In Code Mapping */,
				8EB203C21D765E07009CCEA0 /* MappingProvider.h */,
			);
			path = "Mapping Provider";
			sourceTree = "<group>";
		};
		8EB203BF1D765E07009CCEA0 /* In Code Mapping */ = {
			isa = PBXGroup;
			children = (
				8EB203C01D765E07009CCEA0 /* InCodeMappingProvider.h */,
				8EB203C11D765E07009CCEA0 /* InCodeMappingProvider.m */,
			);
			path = "In Code Mapping";
			sourceTree = "<group>";
		};
		8EB203DC1D766456009CCEA0 /* json */ = {
			isa = PBXGroup;
			children = (
				8EB203DD1D766456009CCEA0 /* NSObject+SBJson.h */,
				8EB203DE1D766456009CCEA0 /* NSObject+SBJson.m */,
				8EB203DF1D766456009CCEA0 /* SBJson.h */,
				8EB203E01D766456009CCEA0 /* SBJsonParser.h */,
				8EB203E11D766456009CCEA0 /* SBJsonParser.m */,
				8EB203E21D766456009CCEA0 /* SBJsonStreamParser.h */,
				8EB203E31D766456009CCEA0 /* SBJsonStreamParser.m */,
				8EB203E41D766456009CCEA0 /* SBJsonStreamParserAccumulator.h */,
				8EB203E51D766456009CCEA0 /* SBJsonStreamParserAccumulator.m */,
				8EB203E61D766456009CCEA0 /* SBJsonStreamParserAdapter.h */,
				8EB203E71D766456009CCEA0 /* SBJsonStreamParserAdapter.m */,
				8EB203E81D766456009CCEA0 /* SBJsonStreamParserState.h */,
				8EB203E91D766456009CCEA0 /* SBJsonStreamParserState.m */,
				8EB203EA1D766456009CCEA0 /* SBJsonStreamWriter.h */,
				8EB203EB1D766456009CCEA0 /* SBJsonStreamWriter.m */,
				8EB203EC1D766456009CCEA0 /* SBJsonStreamWriterAccumulator.h */,
				8EB203ED1D766456009CCEA0 /* SBJsonStreamWriterAccumulator.m */,
				8EB203EE1D766456009CCEA0 /* SBJsonStreamWriterState.h */,
				8EB203EF1D766456009CCEA0 /* SBJsonStreamWriterState.m */,
				8EB203F01D766456009CCEA0 /* SBJsonTokeniser.h */,
				8EB203F11D766456009CCEA0 /* SBJsonTokeniser.m */,
				8EB203F21D766456009CCEA0 /* SBJsonUTF8Stream.h */,
				8EB203F31D766456009CCEA0 /* SBJsonUTF8Stream.m */,
				8EB203F41D766456009CCEA0 /* SBJsonWriter.h */,
				8EB203F51D766456009CCEA0 /* SBJsonWriter.m */,
			);
			path = json;
			sourceTree = "<group>";
		};
		8EB204021D7664F6009CCEA0 /* Models */ = {
			isa = PBXGroup;
			children = (
				8EB204031D7664F6009CCEA0 /* Coord.h */,
				8EB204041D7664F6009CCEA0 /* Coord.m */,
				8EB204051D7664F6009CCEA0 /* MainObject.h */,
				8EB204061D7664F6009CCEA0 /* MainObject.m */,
				8EB204071D7664F6009CCEA0 /* ObjectResponse.h */,
				8EB204081D7664F6009CCEA0 /* ObjectResponse.m */,
			);
			path = Models;
			sourceTree = "<group>";
		};
		8EF95FFA1D7389E500866310 = {
			isa = PBXGroup;
			children = (
				8EF960051D7389E500866310 /* ExamenIOS */,
				8EF960041D7389E500866310 /* Products */,
				882AAA844A892A04BA8C97E1 /* Pods */,
				E2EA94CD999F58115F388FCB /* Frameworks */,
			);
			sourceTree = "<group>";
		};
		8EF960041D7389E500866310 /* Products */ = {
			isa = PBXGroup;
			children = (
				8EF960031D7389E500866310 /* ExamenIOS.app */,
			);
			name = Products;
			sourceTree = "<group>";
		};
		8EF960051D7389E500866310 /* ExamenIOS */ = {
			isa = PBXGroup;
			children = (
				8EB204021D7664F6009CCEA0 /* Models */,
				8EB203AD1D765D42009CCEA0 /* Classes */,
				8E6403041D7526490095AF28 /* CardIO */,
				8E6402FA1D75262B0095AF28 /* PayPalMobile */,
				8EF960261D73AB1600866310 /* Cells */,
				8EF960221D73999800866310 /* Images */,
				8EF960201D738BB200866310 /* Main */,
				8EF960211D738BC200866310 /* Controllers */,
				8EF9600F1D7389E500866310 /* Main.storyboard */,
				8EF960151D7389E500866310 /* Assets.xcassets */,
				8EF960171D7389E500866310 /* LaunchScreen.storyboard */,
				8EF9601A1D7389E500866310 /* Info.plist */,
				8EF960121D7389E500866310 /* ExamenIOS.xcdatamodeld */,
				8EF960061D7389E500866310 /* Supporting Files */,
				8EF960401D73E3AB00866310 /* Podfile */,
			);
			path = ExamenIOS;
			sourceTree = "<group>";
		};
		8EF960061D7389E500866310 /* Supporting Files */ = {
			isa = PBXGroup;
			children = (
				8EF960071D7389E500866310 /* main.m */,
			);
			name = "Supporting Files";
			sourceTree = "<group>";
		};
		8EF960201D738BB200866310 /* Main */ = {
			isa = PBXGroup;
			children = (
				8EF960091D7389E500866310 /* AppDelegate.h */,
				8EF9600A1D7389E500866310 /* AppDelegate.m */,
				8EB203D01D766017009CCEA0 /* Declarations.h */,
				8EB203D11D766017009CCEA0 /* Declarations.m */,
				8EB203D31D76602E009CCEA0 /* WebServices.h */,
				8EB203D41D76602E009CCEA0 /* WebServices.m */,
				8EB203D61D766042009CCEA0 /* Parser.h */,
				8EB203D71D766042009CCEA0 /* Parser.m */,
				8EB203D91D76606A009CCEA0 /* OCMapperConfig.h */,
				8EB203DA1D76606A009CCEA0 /* OCMapperConfig.m */,
			);
			name = Main;
			sourceTree = "<group>";
		};
		8EF960211D738BC200866310 /* Controllers */ = {
			isa = PBXGroup;
			children = (
				8EF9600C1D7389E500866310 /* Home.h */,
				8EF9600D1D7389E500866310 /* Home.m */,
				8EF960231D73A92900866310 /* Selection.h */,
				8EF960241D73A92900866310 /* Selection.m */,
				8EF960381D73C8C000866310 /* WheaterMap.h */,
				8EF960391D73C8C000866310 /* WheaterMap.m */,
				8EF9603B1D73C8EA00866310 /* OnlineShopping.h */,
				8EF9603C1D73C8EA00866310 /* OnlineShopping.m */,
				8E6402F71D75136C0095AF28 /* PaypalPayment.h */,
				8E6402F81D75136C0095AF28 /* PaypalPayment.m */,
			);
			name = Controllers;
			sourceTree = "<group>";
		};
		8EF960221D73999800866310 /* Images */ = {
			isa = PBXGroup;
			children = (
				8EBAD9681D750869001F7B57 /* NewN3D.jpg */,
				8EBAD9691D750869001F7B57 /* NGC.png */,
				8EBAD96A1D750869001F7B57 /* NintendoWiiU.jpg */,
				8EBAD96B1D750869001F7B57 /* ps3.png */,
				8EBAD96C1D750869001F7B57 /* ps4.png */,
				8EBAD96D1D750869001F7B57 /* pspvita.jpg */,
				8EBAD96E1D750869001F7B57 /* steammachine.jpg */,
				8EBAD96F1D750869001F7B57 /* wii.jpg */,
				8EBAD9701D750869001F7B57 /* xbox360.jpg */,
				8EBAD9711D750869001F7B57 /* xboxone.jpg */,
				8EF960311D73B71900866310 /* shoppingcarticon.jpg */,
				8EF960321D73B71900866310 /* wheatericon.png */,
				8EF9602A1D73ABAC00866310 /* apple_logo.png */,
			);
			name = Images;
			sourceTree = "<group>";
		};
		8EF960261D73AB1600866310 /* Cells */ = {
			isa = PBXGroup;
			children = (
				8EF9602C1D73ACDB00866310 /* cellSelection.h */,
				8EF9602D1D73ACDB00866310 /* cellSelection.m */,
				8EF9602E1D73ACDB00866310 /* cellSelection.xib */,
				8EBAD9631D750038001F7B57 /* cellOnlineShopping.h */,
				8EBAD9641D750038001F7B57 /* cellOnlineShopping.m */,
				8EBAD9651D750038001F7B57 /* cellOnlineShopping.xib */,
			);
			name = Cells;
			sourceTree = "<group>";
		};
		E2EA94CD999F58115F388FCB /* Frameworks */ = {
			isa = PBXGroup;
			children = (
				8E6403231D75279A0095AF28 /* SafariServices.framework */,
				8E6403211D75278F0095AF28 /* SystemConfiguration.framework */,
				8E64031F1D7527820095AF28 /* MobileCoreServices.framework */,
				8E64031D1D7527760095AF28 /* MessageUI.framework */,
				8E64031B1D75276A0095AF28 /* CoreMedia.framework */,
				8E6403191D75275B0095AF28 /* CoreLocation.framework */,
				8E6403171D75274E0095AF28 /* AVFoundation.framework */,
				8E6403151D7527410095AF28 /* AudioToolbox.framework */,
				8E6403131D7527340095AF28 /* Accelerate.framework */,
				371877D8EDBCDDDED3446581 /* Pods_ExamenIOS.framework */,
			);
			name = Frameworks;
			sourceTree = "<group>";
		};
/* End PBXGroup section */

/* Begin PBXNativeTarget section */
		8EF960021D7389E500866310 /* ExamenIOS */ = {
			isa = PBXNativeTarget;
			buildConfigurationList = 8EF9601D1D7389E500866310 /* Build configuration list for PBXNativeTarget "ExamenIOS" */;
			buildPhases = (
				1B3BE2F9DF58607DA18F5F6C /* [CP] Check Pods Manifest.lock */,
				8EF95FFF1D7389E500866310 /* Sources */,
				8EF960001D7389E500866310 /* Frameworks */,
				8EF960011D7389E500866310 /* Resources */,
				25E1CCBFFD92DAD06C5184C8 /* [CP] Embed Pods Frameworks */,
				086CDCD41E7DD1863CA7FB2D /* [CP] Copy Pods Resources */,
			);
			buildRules = (
			);
			dependencies = (
			);
			name = ExamenIOS;
			productName = ExamenIOS;
			productReference = 8EF960031D7389E500866310 /* ExamenIOS.app */;
			productType = "com.apple.product-type.application";
		};
/* End PBXNativeTarget section */

/* Begin PBXProject section */
		8EF95FFB1D7389E500866310 /* Project object */ = {
			isa = PBXProject;
			attributes = {
				LastUpgradeCheck = 0730;
				ORGANIZATIONNAME = Philbert;
				TargetAttributes = {
					8EF960021D7389E500866310 = {
						CreatedOnToolsVersion = 7.3.1;
						DevelopmentTeam = QXF33N93KH;
					};
				};
			};
			buildConfigurationList = 8EF95FFE1D7389E500866310 /* Build configuration list for PBXProject "ExamenIOS" */;
			compatibilityVersion = "Xcode 3.2";
			developmentRegion = English;
			hasScannedForEncodings = 0;
			knownRegions = (
				en,
				Base,
			);
			mainGroup = 8EF95FFA1D7389E500866310;
			productRefGroup = 8EF960041D7389E500866310 /* Products */;
			projectDirPath = "";
			projectRoot = "";
			targets = (
				8EF960021D7389E500866310 /* ExamenIOS */,
			);
		};
/* End PBXProject section */

/* Begin PBXResourcesBuildPhase section */
		8EF960011D7389E500866310 /* Resources */ = {
			isa = PBXResourcesBuildPhase;
			buildActionMask = 2147483647;
			files = (
				8EBAD9741D750869001F7B57 /* NintendoWiiU.jpg in Resources */,
				8EBAD9791D750869001F7B57 /* wii.jpg in Resources */,
				8EF960191D7389E500866310 /* LaunchScreen.storyboard in Resources */,
				8EBAD9671D750038001F7B57 /* cellOnlineShopping.xib in Resources */,
				8EBAD9731D750869001F7B57 /* NGC.png in Resources */,
				8EF960341D73B71900866310 /* wheatericon.png in Resources */,
				8EBAD97B1D750869001F7B57 /* xboxone.jpg in Resources */,
				8EBAD9771D750869001F7B57 /* pspvita.jpg in Resources */,
				8EF960411D73E3AB00866310 /* Podfile in Resources */,
				8EBAD97A1D750869001F7B57 /* xbox360.jpg in Resources */,
				8EBAD9751D750869001F7B57 /* ps3.png in Resources */,
				8EF960161D7389E500866310 /* Assets.xcassets in Resources */,
				8EF960331D73B71900866310 /* shoppingcarticon.jpg in Resources */,
				8EF960111D7389E500866310 /* Main.storyboard in Resources */,
				8EF960301D73ACDB00866310 /* cellSelection.xib in Resources */,
				8EBAD9761D750869001F7B57 /* ps4.png in Resources */,
				8EBAD9721D750869001F7B57 /* NewN3D.jpg in Resources */,
				8EBAD9781D750869001F7B57 /* steammachine.jpg in Resources */,
				8EF9602B1D73ABAC00866310 /* apple_logo.png in Resources */,
			);
			runOnlyForDeploymentPostprocessing = 0;
		};
/* End PBXResourcesBuildPhase section */

/* Begin PBXShellScriptBuildPhase section */
		086CDCD41E7DD1863CA7FB2D /* [CP] Copy Pods Resources */ = {
			isa = PBXShellScriptBuildPhase;
			buildActionMask = 2147483647;
			files = (
			);
			inputPaths = (
			);
			name = "[CP] Copy Pods Resources";
			outputPaths = (
			);
			runOnlyForDeploymentPostprocessing = 0;
			shellPath = /bin/sh;
			shellScript = "\"${SRCROOT}/Pods/Target Support Files/Pods-ExamenIOS/Pods-ExamenIOS-resources.sh\"\n";
			showEnvVarsInLog = 0;
		};
		1B3BE2F9DF58607DA18F5F6C /* [CP] Check Pods Manifest.lock */ = {
			isa = PBXShellScriptBuildPhase;
			buildActionMask = 2147483647;
			files = (
			);
			inputPaths = (
			);
			name = "[CP] Check Pods Manifest.lock";
			outputPaths = (
			);
			runOnlyForDeploymentPostprocessing = 0;
			shellPath = /bin/sh;
			shellScript = "diff \"${PODS_ROOT}/../Podfile.lock\" \"${PODS_ROOT}/Manifest.lock\" > /dev/null\nif [ $? != 0 ] ; then\n    # print error to STDERR\n    echo \"error: The sandbox is not in sync with the Podfile.lock. Run 'pod install' or update your CocoaPods installation.\" >&2\n    exit 1\nfi\n";
			showEnvVarsInLog = 0;
		};
		25E1CCBFFD92DAD06C5184C8 /* [CP] Embed Pods Frameworks */ = {
			isa = PBXShellScriptBuildPhase;
			buildActionMask = 2147483647;
			files = (
			);
			inputPaths = (
			);
			name = "[CP] Embed Pods Frameworks";
			outputPaths = (
			);
			runOnlyForDeploymentPostprocessing = 0;
			shellPath = /bin/sh;
			shellScript = "\"${SRCROOT}/Pods/Target Support Files/Pods-ExamenIOS/Pods-ExamenIOS-frameworks.sh\"\n";
			showEnvVarsInLog = 0;
		};
/* End PBXShellScriptBuildPhase section */

/* Begin PBXSourcesBuildPhase section */
		8EF95FFF1D7389E500866310 /* Sources */ = {
			isa = PBXSourcesBuildPhase;
			buildActionMask = 2147483647;
			files = (
				8EB203C81D765E07009CCEA0 /* NSDictionary+ObjectMapper.m in Sources */,
				8EB203FE1D766456009CCEA0 /* SBJsonStreamWriterState.m in Sources */,
				8EBAD9661D750038001F7B57 /* cellOnlineShopping.m in Sources */,
				8EF9603D1D73C8EA00866310 /* OnlineShopping.m in Sources */,
				8EB203CF1D765E07009CCEA0 /* ObjectMappingInfo.m in Sources */,
				8EB203DB1D76606A009CCEA0 /* OCMapperConfig.m in Sources */,
				8EB203CC1D765E07009CCEA0 /* CommonLoggingProvider.m in Sources */,
				8EB2040A1D7664F6009CCEA0 /* MainObject.m in Sources */,
				8EF9600E1D7389E500866310 /* Home.m in Sources */,
				8EB203D51D76602E009CCEA0 /* WebServices.m in Sources */,
				8EB203FA1D766456009CCEA0 /* SBJsonStreamParserAdapter.m in Sources */,
				8EB203FB1D766456009CCEA0 /* SBJsonStreamParserState.m in Sources */,
				8EB203D21D766017009CCEA0 /* Declarations.m in Sources */,
				8EB203CB1D765E07009CCEA0 /* ObjectInstanceProvider.m in Sources */,
				8EB203F91D766456009CCEA0 /* SBJsonStreamParserAccumulator.m in Sources */,
				8EB2040B1D7664F6009CCEA0 /* ObjectResponse.m in Sources */,
				8EF9600B1D7389E500866310 /* AppDelegate.m in Sources */,
				8EB203FF1D766456009CCEA0 /* SBJsonTokeniser.m in Sources */,
				8EF9603A1D73C8C000866310 /* WheaterMap.m in Sources */,
				8E6402F91D75136C0095AF28 /* PaypalPayment.m in Sources */,
				8EB203CA1D765E07009CCEA0 /* ManagedObjectInstanceProvider.m in Sources */,
				8EB203F81D766456009CCEA0 /* SBJsonStreamParser.m in Sources */,
				8EF960251D73A92900866310 /* Selection.m in Sources */,
				8EB203F61D766456009CCEA0 /* NSObject+SBJson.m in Sources */,
				8EB203CD1D765E07009CCEA0 /* InCodeMappingProvider.m in Sources */,
				8EF960081D7389E500866310 /* main.m in Sources */,
				8EB203C91D765E07009CCEA0 /* NSObject+ObjectMapper.m in Sources */,
				8EB203CE1D765E07009CCEA0 /* ObjectMapper.m in Sources */,
				8EB204001D766456009CCEA0 /* SBJsonUTF8Stream.m in Sources */,
				8EF9602F1D73ACDB00866310 /* cellSelection.m in Sources */,
				8EB203F71D766456009CCEA0 /* SBJsonParser.m in Sources */,
				8EB203FD1D766456009CCEA0 /* SBJsonStreamWriterAccumulator.m in Sources */,
				8EB203D81D766042009CCEA0 /* Parser.m in Sources */,
				8EB204091D7664F6009CCEA0 /* Coord.m in Sources */,
				8EF960141D7389E500866310 /* ExamenIOS.xcdatamodeld in Sources */,
				8EB203FC1D766456009CCEA0 /* SBJsonStreamWriter.m in Sources */,
				8EB204011D766456009CCEA0 /* SBJsonWriter.m in Sources */,
			);
			runOnlyForDeploymentPostprocessing = 0;
		};
/* End PBXSourcesBuildPhase section */

/* Begin PBXVariantGroup section */
		8EF9600F1D7389E500866310 /* Main.storyboard */ = {
			isa = PBXVariantGroup;
			children = (
				8EF960101D7389E500866310 /* Base */,
			);
			name = Main.storyboard;
			sourceTree = "<group>";
		};
		8EF960171D7389E500866310 /* LaunchScreen.storyboard */ = {
			isa = PBXVariantGroup;
			children = (
				8EF960181D7389E500866310 /* Base */,
			);
			name = LaunchScreen.storyboard;
			sourceTree = "<group>";
		};
/* End PBXVariantGroup section */

/* Begin XCBuildConfiguration section */
		8EF9601B1D7389E500866310 /* Debug */ = {
			isa = XCBuildConfiguration;
			buildSettings = {
				ALWAYS_SEARCH_USER_PATHS = NO;
				CLANG_ANALYZER_NONNULL = YES;
				CLANG_CXX_LANGUAGE_STANDARD = "gnu++0x";
				CLANG_CXX_LIBRARY = "libc++";
				CLANG_ENABLE_MODULES = YES;
				CLANG_ENABLE_OBJC_ARC = YES;
				CLANG_WARN_BOOL_CONVERSION = YES;
				CLANG_WARN_CONSTANT_CONVERSION = YES;
				CLANG_WARN_DIRECT_OBJC_ISA_USAGE = YES_ERROR;
				CLANG_WARN_EMPTY_BODY = YES;
				CLANG_WARN_ENUM_CONVERSION = YES;
				CLANG_WARN_INT_CONVERSION = YES;
				CLANG_WARN_OBJC_ROOT_CLASS = YES_ERROR;
				CLANG_WARN_UNREACHABLE_CODE = YES;
				CLANG_WARN__DUPLICATE_METHOD_MATCH = YES;
				"CODE_SIGN_IDENTITY[sdk=iphoneos*]" = "iPhone Developer";
				COPY_PHASE_STRIP = NO;
				DEBUG_INFORMATION_FORMAT = dwarf;
				ENABLE_STRICT_OBJC_MSGSEND = YES;
				ENABLE_TESTABILITY = YES;
				GCC_C_LANGUAGE_STANDARD = gnu99;
				GCC_DYNAMIC_NO_PIC = NO;
				GCC_NO_COMMON_BLOCKS = YES;
				GCC_OPTIMIZATION_LEVEL = 0;
				GCC_PREPROCESSOR_DEFINITIONS = (
					"DEBUG=1",
					"$(inherited)",
				);
				GCC_WARN_64_TO_32_BIT_CONVERSION = YES;
				GCC_WARN_ABOUT_RETURN_TYPE = YES_ERROR;
				GCC_WARN_UNDECLARED_SELECTOR = YES;
				GCC_WARN_UNINITIALIZED_AUTOS = YES_AGGRESSIVE;
				GCC_WARN_UNUSED_FUNCTION = YES;
				GCC_WARN_UNUSED_VARIABLE = YES;
				IPHONEOS_DEPLOYMENT_TARGET = 9.3;
				MTL_ENABLE_DEBUG_INFO = YES;
				ONLY_ACTIVE_ARCH = YES;
				SDKROOT = iphoneos;
			};
			name = Debug;
		};
		8EF9601C1D7389E500866310 /* Release */ = {
			isa = XCBuildConfiguration;
			buildSettings = {
				ALWAYS_SEARCH_USER_PATHS = NO;
				CLANG_ANALYZER_NONNULL = YES;
				CLANG_CXX_LANGUAGE_STANDARD = "gnu++0x";
				CLANG_CXX_LIBRARY = "libc++";
				CLANG_ENABLE_MODULES = YES;
				CLANG_ENABLE_OBJC_ARC = YES;
				CLANG_WARN_BOOL_CONVERSION = YES;
				CLANG_WARN_CONSTANT_CONVERSION = YES;
				CLANG_WARN_DIRECT_OBJC_ISA_USAGE = YES_ERROR;
				CLANG_WARN_EMPTY_BODY = YES;
				CLANG_WARN_ENUM_CONVERSION = YES;
				CLANG_WARN_INT_CONVERSION = YES;
				CLANG_WARN_OBJC_ROOT_CLASS = YES_ERROR;
				CLANG_WARN_UNREACHABLE_CODE = YES;
				CLANG_WARN__DUPLICATE_METHOD_MATCH = YES;
				"CODE_SIGN_IDENTITY[sdk=iphoneos*]" = "iPhone Developer";
				COPY_PHASE_STRIP = NO;
				DEBUG_INFORMATION_FORMAT = "dwarf-with-dsym";
				ENABLE_NS_ASSERTIONS = NO;
				ENABLE_STRICT_OBJC_MSGSEND = YES;
				GCC_C_LANGUAGE_STANDARD = gnu99;
				GCC_NO_COMMON_BLOCKS = YES;
				GCC_WARN_64_TO_32_BIT_CONVERSION = YES;
				GCC_WARN_ABOUT_RETURN_TYPE = YES_ERROR;
				GCC_WARN_UNDECLARED_SELECTOR = YES;
				GCC_WARN_UNINITIALIZED_AUTOS = YES_AGGRESSIVE;
				GCC_WARN_UNUSED_FUNCTION = YES;
				GCC_WARN_UNUSED_VARIABLE = YES;
				IPHONEOS_DEPLOYMENT_TARGET = 9.3;
				MTL_ENABLE_DEBUG_INFO = NO;
				SDKROOT = iphoneos;
				VALIDATE_PRODUCT = YES;
			};
			name = Release;
		};
		8EF9601E1D7389E500866310 /* Debug */ = {
			isa = XCBuildConfiguration;
			baseConfigurationReference = 19291DF62184CA26DD310C71 /* Pods-ExamenIOS.debug.xcconfig */;
			buildSettings = {
				ASSETCATALOG_COMPILER_APPICON_NAME = AppIcon;
				CODE_SIGN_IDENTITY = "iPhone Developer";
				INFOPLIST_FILE = ExamenIOS/Info.plist;
				IPHONEOS_DEPLOYMENT_TARGET = 8.1;
				LD_RUNPATH_SEARCH_PATHS = "$(inherited) @executable_path/Frameworks";
				LIBRARY_SEARCH_PATHS = (
					"$(inherited)",
					"$(PROJECT_DIR)/ExamenIOS/PayPalMobile",
					"$(PROJECT_DIR)/ExamenIOS/CardIO",
				);
				OTHER_LDFLAGS = (
					"$(inherited)",
					"-ObjC",
					"-l\"c++\"",
					"-l\"z\"",
					"-framework",
					"\"Accelerate\"",
					"-framework",
					"\"CoreData\"",
					"-framework",
					"\"CoreGraphics\"",
					"-framework",
					"\"CoreLocation\"",
					"-framework",
					"\"CoreText\"",
					"-framework",
					"\"GLKit\"",
					"-framework",
					"\"GoogleMaps\"",
					"-framework",
					"\"GoogleMapsBase\"",
					"-framework",
					"\"GoogleMapsCore\"",
					"-framework",
					"\"ImageIO\"",
					"-framework",
					"\"OpenGLES\"",
					"-framework",
					"\"QuartzCore\"",
					"-framework",
					"\"SystemConfiguration\"",
					"-framework",
					"\"UIKit\"",
					"-lc++",
					"-ObjC",
				);
				PRODUCT_BUNDLE_IDENTIFIER = com.Philbert.ExamenIOS;
				PRODUCT_NAME = "$(TARGET_NAME)";
			};
			name = Debug;
		};
		8EF9601F1D7389E500866310 /* Release */ = {
			isa = XCBuildConfiguration;
			baseConfigurationReference = 640615391FCD4C1B5D79F1CF /* Pods-ExamenIOS.release.xcconfig */;
			buildSettings = {
				ASSETCATALOG_COMPILER_APPICON_NAME = AppIcon;
				CODE_SIGN_IDENTITY = "iPhone Developer";
				INFOPLIST_FILE = ExamenIOS/Info.plist;
				IPHONEOS_DEPLOYMENT_TARGET = 8.1;
				LD_RUNPATH_SEARCH_PATHS = "$(inherited) @executable_path/Frameworks";
				LIBRARY_SEARCH_PATHS = (
					"$(inherited)",
					"$(PROJECT_DIR)/ExamenIOS/PayPalMobile",
					"$(PROJECT_DIR)/ExamenIOS/CardIO",
				);
				OTHER_LDFLAGS = (
					"$(inherited)",
					"-ObjC",
					"-l\"c++\"",
					"-l\"z\"",
					"-framework",
					"\"Accelerate\"",
					"-framework",
					"\"CoreData\"",
					"-framework",
					"\"CoreGraphics\"",
					"-framework",
					"\"CoreLocation\"",
					"-framework",
					"\"CoreText\"",
					"-framework",
					"\"GLKit\"",
					"-framework",
					"\"GoogleMaps\"",
					"-framework",
					"\"GoogleMapsBase\"",
					"-framework",
					"\"GoogleMapsCore\"",
					"-framework",
					"\"ImageIO\"",
					"-framework",
					"\"OpenGLES\"",
					"-framework",
					"\"QuartzCore\"",
					"-framework",
					"\"SystemConfiguration\"",
					"-framework",
					"\"UIKit\"",
					"-lc++",
					"-ObjC",
				);
				PRODUCT_BUNDLE_IDENTIFIER = com.Philbert.ExamenIOS;
				PRODUCT_NAME = "$(TARGET_NAME)";
			};
			name = Release;
		};
/* End XCBuildConfiguration section */

/* Begin XCConfigurationList section */
		8EF95FFE1D7389E500866310 /* Build configuration list for PBXProject "ExamenIOS" */ = {
			isa = XCConfigurationList;
			buildConfigurations = (
				8EF9601B1D7389E500866310 /* Debug */,
				8EF9601C1D7389E500866310 /* Release */,
			);
			defaultConfigurationIsVisible = 0;
			defaultConfigurationName = Release;
		};
		8EF9601D1D7389E500866310 /* Build configuration list for PBXNativeTarget "ExamenIOS" */ = {
			isa = XCConfigurationList;
			buildConfigurations = (
				8EF9601E1D7389E500866310 /* Debug */,
				8EF9601F1D7389E500866310 /* Release */,
			);
			defaultConfigurationIsVisible = 0;
			defaultConfigurationName = Release;
		};
/* End XCConfigurationList section */

/* Begin XCVersionGroup section */
		8EF960121D7389E500866310 /* ExamenIOS.xcdatamodeld */ = {
			isa = XCVersionGroup;
			children = (
				8EF960131D7389E500866310 /* ExamenIOS.xcdatamodel */,
			);
			currentVersion = 8EF960131D7389E500866310 /* ExamenIOS.xcdatamodel */;
			path = ExamenIOS.xcdatamodeld;
			sourceTree = "<group>";
			versionGroupType = wrapper.xcdatamodel;
		};
/* End XCVersionGroup section */
	};
	rootObject = 8EF95FFB1D7389E500866310 /* Project object */;
}
